// !$*UTF8*$!
{
	archiveVersion = 1;
	classes = {
	};
	objectVersion = 46;
	objects = {

/* Begin PBXBuildFile section */
		61260D5418736310005A97C7 /* Foundation.framework in Frameworks */ = {isa = PBXBuildFile; fileRef = 61260D5318736310005A97C7 /* Foundation.framework */; };
		61260D5618736310005A97C7 /* CoreGraphics.framework in Frameworks */ = {isa = PBXBuildFile; fileRef = 61260D5518736310005A97C7 /* CoreGraphics.framework */; };
		61260D5818736310005A97C7 /* UIKit.framework in Frameworks */ = {isa = PBXBuildFile; fileRef = 61260D5718736310005A97C7 /* UIKit.framework */; };
		61260D5E18736310005A97C7 /* InfoPlist.strings in Resources */ = {isa = PBXBuildFile; fileRef = 61260D5C18736310005A97C7 /* InfoPlist.strings */; };
		61260D6018736310005A97C7 /* main.m in Sources */ = {isa = PBXBuildFile; fileRef = 61260D5F18736310005A97C7 /* main.m */; };
		61260D6418736310005A97C7 /* CardNameAppDelegate.m in Sources */ = {isa = PBXBuildFile; fileRef = 61260D6318736310005A97C7 /* CardNameAppDelegate.m */; };
		61260D6718736310005A97C7 /* Main.storyboard in Resources */ = {isa = PBXBuildFile; fileRef = 61260D6518736310005A97C7 /* Main.storyboard */; };
		61260D6A18736310005A97C7 /* CardNameViewController.m in Sources */ = {isa = PBXBuildFile; fileRef = 61260D6918736310005A97C7 /* CardNameViewController.m */; };
		61260D6C18736310005A97C7 /* Images.xcassets in Resources */ = {isa = PBXBuildFile; fileRef = 61260D6B18736310005A97C7 /* Images.xcassets */; };
		61260D7318736310005A97C7 /* XCTest.framework in Frameworks */ = {isa = PBXBuildFile; fileRef = 61260D7218736310005A97C7 /* XCTest.framework */; };
		61260D7418736310005A97C7 /* Foundation.framework in Frameworks */ = {isa = PBXBuildFile; fileRef = 61260D5318736310005A97C7 /* Foundation.framework */; };
		61260D7518736310005A97C7 /* UIKit.framework in Frameworks */ = {isa = PBXBuildFile; fileRef = 61260D5718736310005A97C7 /* UIKit.framework */; };
		61260D7D18736310005A97C7 /* InfoPlist.strings in Resources */ = {isa = PBXBuildFile; fileRef = 61260D7B18736310005A97C7 /* InfoPlist.strings */; };
		61260D7F18736310005A97C7 /* MatchismoTests.m in Sources */ = {isa = PBXBuildFile; fileRef = 61260D7E18736310005A97C7 /* MatchismoTests.m */; };
		6180014818736E97003CCEC1 /* Card.m in Sources */ = {isa = PBXBuildFile; fileRef = 6180014718736E97003CCEC1 /* Card.m */; };
		6180014D1873708B003CCEC1 /* Deck.m in Sources */ = {isa = PBXBuildFile; fileRef = 6180014C1873708B003CCEC1 /* Deck.m */; };
		618001501873709E003CCEC1 /* PlayingCard.m in Sources */ = {isa = PBXBuildFile; fileRef = 6180014F1873709E003CCEC1 /* PlayingCard.m */; };
		618001531874B3F4003CCEC1 /* PlayingCardDeck.m in Sources */ = {isa = PBXBuildFile; fileRef = 618001521874B3F4003CCEC1 /* PlayingCardDeck.m */; };
		61DEBB2918792B57005C34B4 /* CardMatchingGame.m in Sources */ = {isa = PBXBuildFile; fileRef = 61DEBB2818792B57005C34B4 /* CardMatchingGame.m */; };
/* End PBXBuildFile section */

/* Begin PBXContainerItemProxy section */
		61260D7618736310005A97C7 /* PBXContainerItemProxy */ = {
			isa = PBXContainerItemProxy;
			containerPortal = 61260D4818736310005A97C7 /* Project object */;
			proxyType = 1;
			remoteGlobalIDString = 61260D4F18736310005A97C7;
			remoteInfo = Matchismo;
		};
/* End PBXContainerItemProxy section */

/* Begin PBXFileReference section */
		61260D5018736310005A97C7 /* Matchismo.app */ = {isa = PBXFileReference; explicitFileType = wrapper.application; includeInIndex = 0; path = Matchismo.app; sourceTree = BUILT_PRODUCTS_DIR; };
		61260D5318736310005A97C7 /* Foundation.framework */ = {isa = PBXFileReference; lastKnownFileType = wrapper.framework; name = Foundation.framework; path = System/Library/Frameworks/Foundation.framework; sourceTree = SDKROOT; };
		61260D5518736310005A97C7 /* CoreGraphics.framework */ = {isa = PBXFileReference; lastKnownFileType = wrapper.framework; name = CoreGraphics.framework; path = System/Library/Frameworks/CoreGraphics.framework; sourceTree = SDKROOT; };
		61260D5718736310005A97C7 /* UIKit.framework */ = {isa = PBXFileReference; lastKnownFileType = wrapper.framework; name = UIKit.framework; path = System/Library/Frameworks/UIKit.framework; sourceTree = SDKROOT; };
		61260D5B18736310005A97C7 /* Matchismo-Info.plist */ = {isa = PBXFileReference; lastKnownFileType = text.plist.xml; path = "Matchismo-Info.plist"; sourceTree = "<group>"; };
		61260D5D18736310005A97C7 /* en */ = {isa = PBXFileReference; lastKnownFileType = text.plist.strings; name = en; path = en.lproj/InfoPlist.strings; sourceTree = "<group>"; };
		61260D5F18736310005A97C7 /* main.m */ = {isa = PBXFileReference; lastKnownFileType = sourcecode.c.objc; path = main.m; sourceTree = "<group>"; };
		61260D6118736310005A97C7 /* Matchismo-Prefix.pch */ = {isa = PBXFileReference; lastKnownFileType = sourcecode.c.h; path = "Matchismo-Prefix.pch"; sourceTree = "<group>"; };
		61260D6218736310005A97C7 /* CardNameAppDelegate.h */ = {isa = PBXFileReference; lastKnownFileType = sourcecode.c.h; path = CardNameAppDelegate.h; sourceTree = "<group>"; };
		61260D6318736310005A97C7 /* CardNameAppDelegate.m */ = {isa = PBXFileReference; lastKnownFileType = sourcecode.c.objc; path = CardNameAppDelegate.m; sourceTree = "<group>"; };
		61260D6618736310005A97C7 /* Base */ = {isa = PBXFileReference; lastKnownFileType = file.storyboard; name = Base; path = Base.lproj/Main.storyboard; sourceTree = "<group>"; };
		61260D6818736310005A97C7 /* CardNameViewController.h */ = {isa = PBXFileReference; lastKnownFileType = sourcecode.c.h; path = CardNameViewController.h; sourceTree = "<group>"; };
		61260D6918736310005A97C7 /* CardNameViewController.m */ = {isa = PBXFileReference; lastKnownFileType = sourcecode.c.objc; path = CardNameViewController.m; sourceTree = "<group>"; };
		61260D6B18736310005A97C7 /* Images.xcassets */ = {isa = PBXFileReference; lastKnownFileType = folder.assetcatalog; path = Images.xcassets; sourceTree = "<group>"; };
		61260D7118736310005A97C7 /* MatchismoTests.xctest */ = {isa = PBXFileReference; explicitFileType = wrapper.cfbundle; includeInIndex = 0; path = MatchismoTests.xctest; sourceTree = BUILT_PRODUCTS_DIR; };
		61260D7218736310005A97C7 /* XCTest.framework */ = {isa = PBXFileReference; lastKnownFileType = wrapper.framework; name = XCTest.framework; path = Library/Frameworks/XCTest.framework; sourceTree = DEVELOPER_DIR; };
		61260D7A18736310005A97C7 /* MatchismoTests-Info.plist */ = {isa = PBXFileReference; lastKnownFileType = text.plist.xml; path = "MatchismoTests-Info.plist"; sourceTree = "<group>"; };
		61260D7C18736310005A97C7 /* en */ = {isa = PBXFileReference; lastKnownFileType = text.plist.strings; name = en; path = en.lproj/InfoPlist.strings; sourceTree = "<group>"; };
		61260D7E18736310005A97C7 /* MatchismoTests.m */ = {isa = PBXFileReference; lastKnownFileType = sourcecode.c.objc; path = MatchismoTests.m; sourceTree = "<group>"; };
		6180014618736E97003CCEC1 /* Card.h */ = {isa = PBXFileReference; fileEncoding = 4; lastKnownFileType = sourcecode.c.h; path = Card.h; sourceTree = "<group>"; };
		6180014718736E97003CCEC1 /* Card.m */ = {isa = PBXFileReference; fileEncoding = 4; lastKnownFileType = sourcecode.c.objc; path = Card.m; sourceTree = "<group>"; };
		6180014B1873708B003CCEC1 /* Deck.h */ = {isa = PBXFileReference; fileEncoding = 4; lastKnownFileType = sourcecode.c.h; path = Deck.h; sourceTree = "<group>"; };
		6180014C1873708B003CCEC1 /* Deck.m */ = {isa = PBXFileReference; fileEncoding = 4; lastKnownFileType = sourcecode.c.objc; path = Deck.m; sourceTree = "<group>"; };
		6180014E1873709E003CCEC1 /* PlayingCard.h */ = {isa = PBXFileReference; fileEncoding = 4; lastKnownFileType = sourcecode.c.h; name = PlayingCard.h; path = ../PlayingCard.h; sourceTree = "<group>"; };
		6180014F1873709E003CCEC1 /* PlayingCard.m */ = {isa = PBXFileReference; fileEncoding = 4; lastKnownFileType = sourcecode.c.objc; name = PlayingCard.m; path = ../PlayingCard.m; sourceTree = "<group>"; };
		618001511874B3F4003CCEC1 /* PlayingCardDeck.h */ = {isa = PBXFileReference; fileEncoding = 4; lastKnownFileType = sourcecode.c.h; path = PlayingCardDeck.h; sourceTree = "<group>"; };
		618001521874B3F4003CCEC1 /* PlayingCardDeck.m */ = {isa = PBXFileReference; fileEncoding = 4; lastKnownFileType = sourcecode.c.objc; path = PlayingCardDeck.m; sourceTree = "<group>"; };
		61DEBB2718792B57005C34B4 /* CardMatchingGame.h */ = {isa = PBXFileReference; fileEncoding = 4; lastKnownFileType = sourcecode.c.h; path = CardMatchingGame.h; sourceTree = "<group>"; };
		61DEBB2818792B57005C34B4 /* CardMatchingGame.m */ = {isa = PBXFileReference; fileEncoding = 4; lastKnownFileType = sourcecode.c.objc; path = CardMatchingGame.m; sourceTree = "<group>"; };
/* End PBXFileReference section */

/* Begin PBXFrameworksBuildPhase section */
		61260D4D18736310005A97C7 /* Frameworks */ = {
			isa = PBXFrameworksBuildPhase;
			buildActionMask = 2147483647;
			files = (
				61260D5618736310005A97C7 /* CoreGraphics.framework in Frameworks */,
				61260D5818736310005A97C7 /* UIKit.framework in Frameworks */,
				61260D5418736310005A97C7 /* Foundation.framework in Frameworks */,
			);
			runOnlyForDeploymentPostprocessing = 0;
		};
		61260D6E18736310005A97C7 /* Frameworks */ = {
			isa = PBXFrameworksBuildPhase;
			buildActionMask = 2147483647;
			files = (
				61260D7318736310005A97C7 /* XCTest.framework in Frameworks */,
				61260D7518736310005A97C7 /* UIKit.framework in Frameworks */,
				61260D7418736310005A97C7 /* Foundation.framework in Frameworks */,
			);
			runOnlyForDeploymentPostprocessing = 0;
		};
/* End PBXFrameworksBuildPhase section */

/* Begin PBXGroup section */
		61260D4718736310005A97C7 = {
			isa = PBXGroup;
			children = (
				61260D5918736310005A97C7 /* Matchismo */,
				61260D7818736310005A97C7 /* MatchismoTests */,
				61260D5218736310005A97C7 /* Frameworks */,
				61260D5118736310005A97C7 /* Products */,
			);
			sourceTree = "<group>";
		};
		61260D5118736310005A97C7 /* Products */ = {
			isa = PBXGroup;
			children = (
				61260D5018736310005A97C7 /* Matchismo.app */,
				61260D7118736310005A97C7 /* MatchismoTests.xctest */,
			);
			name = Products;
			sourceTree = "<group>";
		};
		61260D5218736310005A97C7 /* Frameworks */ = {
			isa = PBXGroup;
			children = (
				61260D5318736310005A97C7 /* Foundation.framework */,
				61260D5518736310005A97C7 /* CoreGraphics.framework */,
				61260D5718736310005A97C7 /* UIKit.framework */,
				61260D7218736310005A97C7 /* XCTest.framework */,
			);
			name = Frameworks;
			sourceTree = "<group>";
		};
		61260D5918736310005A97C7 /* Matchismo */ = {
			isa = PBXGroup;
			children = (
				61260D6518736310005A97C7 /* Main.storyboard */,
				6180014A18736EE4003CCEC1 /* Model */,
				61260D6818736310005A97C7 /* CardNameViewController.h */,
				61260D6918736310005A97C7 /* CardNameViewController.m */,
				61260D6B18736310005A97C7 /* Images.xcassets */,
				61260D5A18736310005A97C7 /* Supporting Files */,
			);
			path = Matchismo;
			sourceTree = "<group>";
		};
		61260D5A18736310005A97C7 /* Supporting Files */ = {
			isa = PBXGroup;
			children = (
				61260D6218736310005A97C7 /* CardNameAppDelegate.h */,
				61260D6318736310005A97C7 /* CardNameAppDelegate.m */,
				61260D5B18736310005A97C7 /* Matchismo-Info.plist */,
				61260D5C18736310005A97C7 /* InfoPlist.strings */,
				61260D5F18736310005A97C7 /* main.m */,
				61260D6118736310005A97C7 /* Matchismo-Prefix.pch */,
			);
			name = "Supporting Files";
			sourceTree = "<group>";
		};
		61260D7818736310005A97C7 /* MatchismoTests */ = {
			isa = PBXGroup;
			children = (
				61260D7E18736310005A97C7 /* MatchismoTests.m */,
				61260D7918736310005A97C7 /* Supporting Files */,
			);
			path = MatchismoTests;
			sourceTree = "<group>";
		};
		61260D7918736310005A97C7 /* Supporting Files */ = {
			isa = PBXGroup;
			children = (
				61260D7A18736310005A97C7 /* MatchismoTests-Info.plist */,
				61260D7B18736310005A97C7 /* InfoPlist.strings */,
			);
			name = "Supporting Files";
			sourceTree = "<group>";
		};
		6180014A18736EE4003CCEC1 /* Model */ = {
			isa = PBXGroup;
			children = (
				61DEBB2718792B57005C34B4 /* CardMatchingGame.h */,
				61DEBB2818792B57005C34B4 /* CardMatchingGame.m */,
				6180014E1873709E003CCEC1 /* PlayingCard.h */,
				6180014F1873709E003CCEC1 /* PlayingCard.m */,
				6180014B1873708B003CCEC1 /* Deck.h */,
				6180014C1873708B003CCEC1 /* Deck.m */,
				618001511874B3F4003CCEC1 /* PlayingCardDeck.h */,
				618001521874B3F4003CCEC1 /* PlayingCardDeck.m */,
				6180014618736E97003CCEC1 /* Card.h */,
				6180014718736E97003CCEC1 /* Card.m */,
			);
			name = Model;
			sourceTree = "<group>";
		};
/* End PBXGroup section */

/* Begin PBXNativeTarget section */
		61260D4F18736310005A97C7 /* Matchismo */ = {
			isa = PBXNativeTarget;
			buildConfigurationList = 61260D8218736310005A97C7 /* Build configuration list for PBXNativeTarget "Matchismo" */;
			buildPhases = (
				61260D4C18736310005A97C7 /* Sources */,
				61260D4D18736310005A97C7 /* Frameworks */,
				61260D4E18736310005A97C7 /* Resources */,
			);
			buildRules = (
			);
			dependencies = (
			);
			name = Matchismo;
			productName = Matchismo;
			productReference = 61260D5018736310005A97C7 /* Matchismo.app */;
			productType = "com.apple.product-type.application";
		};
		61260D7018736310005A97C7 /* MatchismoTests */ = {
			isa = PBXNativeTarget;
			buildConfigurationList = 61260D8518736310005A97C7 /* Build configuration list for PBXNativeTarget "MatchismoTests" */;
			buildPhases = (
				61260D6D18736310005A97C7 /* Sources */,
				61260D6E18736310005A97C7 /* Frameworks */,
				61260D6F18736310005A97C7 /* Resources */,
			);
			buildRules = (
			);
			dependencies = (
				61260D7718736310005A97C7 /* PBXTargetDependency */,
			);
			name = MatchismoTests;
			productName = MatchismoTests;
			productReference = 61260D7118736310005A97C7 /* MatchismoTests.xctest */;
			productType = "com.apple.product-type.bundle.unit-test";
		};
/* End PBXNativeTarget section */

/* Begin PBXProject section */
		61260D4818736310005A97C7 /* Project object */ = {
			isa = PBXProject;
			attributes = {
				CLASSPREFIX = CardName;
				LastUpgradeCheck = 0500;
				ORGANIZATIONNAME = "Tom Hogans";
				TargetAttributes = {
					61260D7018736310005A97C7 = {
						TestTargetID = 61260D4F18736310005A97C7;
					};
				};
			};
			buildConfigurationList = 61260D4B18736310005A97C7 /* Build configuration list for PBXProject "Matchismo" */;
			compatibilityVersion = "Xcode 3.2";
			developmentRegion = English;
			hasScannedForEncodings = 0;
			knownRegions = (
				en,
				Base,
			);
			mainGroup = 61260D4718736310005A97C7;
			productRefGroup = 61260D5118736310005A97C7 /* Products */;
			projectDirPath = "";
			projectRoot = "";
			targets = (
				61260D4F18736310005A97C7 /* Matchismo */,
				61260D7018736310005A97C7 /* MatchismoTests */,
			);
		};
/* End PBXProject section */

/* Begin PBXResourcesBuildPhase section */
		61260D4E18736310005A97C7 /* Resources */ = {
			isa = PBXResourcesBuildPhase;
			buildActionMask = 2147483647;
			files = (
				61260D6C18736310005A97C7 /* Images.xcassets in Resources */,
				61260D5E18736310005A97C7 /* InfoPlist.strings in Resources */,
				61260D6718736310005A97C7 /* Main.storyboard in Resources */,
			);
			runOnlyForDeploymentPostprocessing = 0;
		};
		61260D6F18736310005A97C7 /* Resources */ = {
			isa = PBXResourcesBuildPhase;
			buildActionMask = 2147483647;
			files = (
				61260D7D18736310005A97C7 /* InfoPlist.strings in Resources */,
			);
			runOnlyForDeploymentPostprocessing = 0;
		};
/* End PBXResourcesBuildPhase section */

/* Begin PBXSourcesBuildPhase section */
		61260D4C18736310005A97C7 /* Sources */ = {
			isa = PBXSourcesBuildPhase;
			buildActionMask = 2147483647;
			files = (
				618001501873709E003CCEC1 /* PlayingCard.m in Sources */,
				6180014D1873708B003CCEC1 /* Deck.m in Sources */,
				61260D6018736310005A97C7 /* main.m in Sources */,
				61260D6A18736310005A97C7 /* CardNameViewController.m in Sources */,
				61DEBB2918792B57005C34B4 /* CardMatchingGame.m in Sources */,
				618001531874B3F4003CCEC1 /* PlayingCardDeck.m in Sources */,
				61260D6418736310005A97C7 /* CardNameAppDelegate.m in Sources */,
				6180014818736E97003CCEC1 /* Card.m in Sources */,
			);
			runOnlyForDeploymentPostprocessing = 0;
		};
		61260D6D18736310005A97C7 /* Sources */ = {
			isa = PBXSourcesBuildPhase;
			buildActionMask = 2147483647;
			files = (
				61260D7F18736310005A97C7 /* MatchismoTests.m in Sources */,
			);
			runOnlyForDeploymentPostprocessing = 0;
		};
/* End PBXSourcesBuildPhase section */

/* Begin PBXTargetDependency section */
		61260D7718736310005A97C7 /* PBXTargetDependency */ = {
			isa = PBXTargetDependency;
			target = 61260D4F18736310005A97C7 /* Matchismo */;
			targetProxy = 61260D7618736310005A97C7 /* PBXContainerItemProxy */;
		};
/* End PBXTargetDependency section */

/* Begin PBXVariantGroup section */
		61260D5C18736310005A97C7 /* InfoPlist.strings */ = {
			isa = PBXVariantGroup;
			children = (
				61260D5D18736310005A97C7 /* en */,
			);
			name = InfoPlist.strings;
			sourceTree = "<group>";
		};
		61260D6518736310005A97C7 /* Main.storyboard */ = {
			isa = PBXVariantGroup;
			children = (
				61260D6618736310005A97C7 /* Base */,
			);
			name = Main.storyboard;
			sourceTree = "<group>";
		};
		61260D7B18736310005A97C7 /* InfoPlist.strings */ = {
			isa = PBXVariantGroup;
			children = (
				61260D7C18736310005A97C7 /* en */,
			);
			name = InfoPlist.strings;
			sourceTree = "<group>";
		};
/* End PBXVariantGroup section */

/* Begin XCBuildConfiguration section */
		61260D8018736310005A97C7 /* Debug */ = {
			isa = XCBuildConfiguration;
			buildSettings = {
				ALWAYS_SEARCH_USER_PATHS = NO;
				ARCHS = "$(ARCHS_STANDARD_INCLUDING_64_BIT)";
				CLANG_CXX_LANGUAGE_STANDARD = "gnu++0x";
				CLANG_CXX_LIBRARY = "libc++";
				CLANG_ENABLE_MODULES = YES;
				CLANG_ENABLE_OBJC_ARC = YES;
				CLANG_WARN_BOOL_CONVERSION = YES;
				CLANG_WARN_CONSTANT_CONVERSION = YES;
				CLANG_WARN_DIRECT_OBJC_ISA_USAGE = YES_ERROR;
				CLANG_WARN_EMPTY_BODY = YES;
				CLANG_WARN_ENUM_CONVERSION = YES;
				CLANG_WARN_INT_CONVERSION = YES;
				CLANG_WARN_OBJC_ROOT_CLASS = YES_ERROR;
				CLANG_WARN__DUPLICATE_METHOD_MATCH = YES;
				"CODE_SIGN_IDENTITY[sdk=iphoneos*]" = "iPhone Developer";
				COPY_PHASE_STRIP = NO;
				GCC_C_LANGUAGE_STANDARD = gnu99;
				GCC_DYNAMIC_NO_PIC = NO;
				GCC_OPTIMIZATION_LEVEL = 0;
				GCC_PREPROCESSOR_DEFINITIONS = (
					"DEBUG=1",
					"$(inherited)",
				);
				GCC_SYMBOLS_PRIVATE_EXTERN = NO;
				GCC_WARN_64_TO_32_BIT_CONVERSION = YES;
				GCC_WARN_ABOUT_RETURN_TYPE = YES_ERROR;
				GCC_WARN_UNDECLARED_SELECTOR = YES;
				GCC_WARN_UNINITIALIZED_AUTOS = YES;
				GCC_WARN_UNUSED_FUNCTION = YES;
				GCC_WARN_UNUSED_VARIABLE = YES;
				IPHONEOS_DEPLOYMENT_TARGET = 7.0;
				ONLY_ACTIVE_ARCH = YES;
				SDKROOT = iphoneos;
			};
			name = Debug;
		};
		61260D8118736310005A97C7 /* Release */ = {
			isa = XCBuildConfiguration;
			buildSettings = {
				ALWAYS_SEARCH_USER_PATHS = NO;
				ARCHS = "$(ARCHS_STANDARD_INCLUDING_64_BIT)";
				CLANG_CXX_LANGUAGE_STANDARD = "gnu++0x";
				CLANG_CXX_LIBRARY = "libc++";
				CLANG_ENABLE_MODULES = YES;
				CLANG_ENABLE_OBJC_ARC = YES;
				CLANG_WARN_BOOL_CONVERSION = YES;
				CLANG_WARN_CONSTANT_CONVERSION = YES;
				CLANG_WARN_DIRECT_OBJC_ISA_USAGE = YES_ERROR;
				CLANG_WARN_EMPTY_BODY = YES;
				CLANG_WARN_ENUM_CONVERSION = YES;
				CLANG_WARN_INT_CONVERSION = YES;
				CLANG_WARN_OBJC_ROOT_CLASS = YES_ERROR;
				CLANG_WARN__DUPLICATE_METHOD_MATCH = YES;
				"CODE_SIGN_IDENTITY[sdk=iphoneos*]" = "iPhone Developer";
				COPY_PHASE_STRIP = YES;
				ENABLE_NS_ASSERTIONS = NO;
				GCC_C_LANGUAGE_STANDARD = gnu99;
				GCC_WARN_64_TO_32_BIT_CONVERSION = YES;
				GCC_WARN_ABOUT_RETURN_TYPE = YES_ERROR;
				GCC_WARN_UNDECLARED_SELECTOR = YES;
				GCC_WARN_UNINITIALIZED_AUTOS = YES;
				GCC_WARN_UNUSED_FUNCTION = YES;
				GCC_WARN_UNUSED_VARIABLE = YES;
				IPHONEOS_DEPLOYMENT_TARGET = 7.0;
				SDKROOT = iphoneos;
				VALIDATE_PRODUCT = YES;
			};
			name = Release;
		};
		61260D8318736310005A97C7 /* Debug */ = {
			isa = XCBuildConfiguration;
			buildSettings = {
				ASSETCATALOG_COMPILER_APPICON_NAME = AppIcon;
				ASSETCATALOG_COMPILER_LAUNCHIMAGE_NAME = LaunchImage;
				CODE_SIGN_IDENTITY = "iPhone Developer";
				"CODE_SIGN_IDENTITY[sdk=iphoneos*]" = "iPhone Developer";
				GCC_PRECOMPILE_PREFIX_HEADER = YES;
				GCC_PREFIX_HEADER = "Matchismo/Matchismo-Prefix.pch";
				INFOPLIST_FILE = "Matchismo/Matchismo-Info.plist";
				PRODUCT_NAME = "$(TARGET_NAME)";
				PROVISIONING_PROFILE = "";
				WRAPPER_EXTENSION = app;
			};
			name = Debug;
		};
		61260D8418736310005A97C7 /* Release */ = {
			isa = XCBuildConfiguration;
			buildSettings = {
				ASSETCATALOG_COMPILER_APPICON_NAME = AppIcon;
				ASSETCATALOG_COMPILER_LAUNCHIMAGE_NAME = LaunchImage;
				CODE_SIGN_IDENTITY = "iPhone Developer";
				"CODE_SIGN_IDENTITY[sdk=iphoneos*]" = "iPhone Developer";
				GCC_PRECOMPILE_PREFIX_HEADER = YES;
				GCC_PREFIX_HEADER = "Matchismo/Matchismo-Prefix.pch";
				INFOPLIST_FILE = "Matchismo/Matchismo-Info.plist";
				PRODUCT_NAME = "$(TARGET_NAME)";
				PROVISIONING_PROFILE = "";
				WRAPPER_EXTENSION = app;
			};
			name = Release;
		};
		61260D8618736310005A97C7 /* Debug */ = {
			isa = XCBuildConfiguration;
			buildSettings = {
				ARCHS = "$(ARCHS_STANDARD_INCLUDING_64_BIT)";
				BUNDLE_LOADER = "$(BUILT_PRODUCTS_DIR)/Matchismo.app/Matchismo";
				FRAMEWORK_SEARCH_PATHS = (
					"$(SDKROOT)/Developer/Library/Frameworks",
					"$(inherited)",
					"$(DEVELOPER_FRAMEWORKS_DIR)",
				);
				GCC_PRECOMPILE_PREFIX_HEADER = YES;
				GCC_PREFIX_HEADER = "Matchismo/Matchismo-Prefix.pch";
				GCC_PREPROCESSOR_DEFINITIONS = (
					"DEBUG=1",
					"$(inherited)",
				);
				INFOPLIST_FILE = "MatchismoTests/MatchismoTests-Info.plist";
				PRODUCT_NAME = "$(TARGET_NAME)";
				TEST_HOST = "$(BUNDLE_LOADER)";
				WRAPPER_EXTENSION = xctest;
			};
			name = Debug;
		};
		61260D8718736310005A97C7 /* Release */ = {
			isa = XCBuildConfiguration;
			buildSettings = {
				ARCHS = "$(ARCHS_STANDARD_INCLUDING_64_BIT)";
				BUNDLE_LOADER = "$(BUILT_PRODUCTS_DIR)/Matchismo.app/Matchismo";
				FRAMEWORK_SEARCH_PATHS = (
					"$(SDKROOT)/Developer/Library/Frameworks",
					"$(inherited)",
					"$(DEVELOPER_FRAMEWORKS_DIR)",
				);
				GCC_PRECOMPILE_PREFIX_HEADER = YES;
				GCC_PREFIX_HEADER = "Matchismo/Matchismo-Prefix.pch";
				INFOPLIST_FILE = "MatchismoTests/MatchismoTests-Info.plist";
				PRODUCT_NAME = "$(TARGET_NAME)";
				TEST_HOST = "$(BUNDLE_LOADER)";
				WRAPPER_EXTENSION = xctest;
			};
			name = Release;
		};
/* End XCBuildConfiguration section */

/* Begin XCConfigurationList section */
		61260D4B18736310005A97C7 /* Build configuration list for PBXProject "Matchismo" */ = {
			isa = XCConfigurationList;
			buildConfigurations = (
				61260D8018736310005A97C7 /* Debug */,
				61260D8118736310005A97C7 /* Release */,
			);
			defaultConfigurationIsVisible = 0;
			defaultConfigurationName = Release;
		};
		61260D8218736310005A97C7 /* Build configuration list for PBXNativeTarget "Matchismo" */ = {
			isa = XCConfigurationList;
			buildConfigurations = (
				61260D8318736310005A97C7 /* Debug */,
				61260D8418736310005A97C7 /* Release */,
			);
			defaultConfigurationIsVisible = 0;
			defaultConfigurationName = Release;
		};
		61260D8518736310005A97C7 /* Build configuration list for PBXNativeTarget "MatchismoTests" */ = {
			isa = XCConfigurationList;
			buildConfigurations = (
				61260D8618736310005A97C7 /* Debug */,
				61260D8718736310005A97C7 /* Release */,
			);
			defaultConfigurationIsVisible = 0;
			defaultConfigurationName = Release;
		};
/* End XCConfigurationList section */
	};
	rootObject = 61260D4818736310005A97C7 /* Project object */;
}
